// !$*UTF8*$!
{
	archiveVersion = 1;
	classes = {
	};
	objectVersion = 56;
	objects = {

/* Begin PBXBuildFile section */
		461F8E4B29BE073F00F4905F /* NewsDetailView.swift in Sources */ = {isa = PBXBuildFile; fileRef = 461F8E4A29BE073F00F4905F /* NewsDetailView.swift */; };
		461F8E4D29BF1EF300F4905F /* OptionsTile.swift in Sources */ = {isa = PBXBuildFile; fileRef = 461F8E4C29BF1EF300F4905F /* OptionsTile.swift */; };
		4646E0D729B4ADD600A22041 /* Icons.xcassets in Resources */ = {isa = PBXBuildFile; fileRef = 4646E0D629B4ADD600A22041 /* Icons.xcassets */; };
		4646E0DB29B4BB4F00A22041 /* ActiveButton.swift in Sources */ = {isa = PBXBuildFile; fileRef = 4646E0DA29B4BB4F00A22041 /* ActiveButton.swift */; };
		4646E0DD29B4C55100A22041 /* ButtonSizes.swift in Sources */ = {isa = PBXBuildFile; fileRef = 4646E0DC29B4C55100A22041 /* ButtonSizes.swift */; };
		4646E0DF29B4C83400A22041 /* OnboardingViewModel.swift in Sources */ = {isa = PBXBuildFile; fileRef = 4646E0DE29B4C83400A22041 /* OnboardingViewModel.swift */; };
		4646E0E529B4E8AA00A22041 /* WelcomeViewController.swift in Sources */ = {isa = PBXBuildFile; fileRef = 4646E0E429B4E8AA00A22041 /* WelcomeViewController.swift */; };
		4646E0E729B4E8C200A22041 /* WelcomeView.swift in Sources */ = {isa = PBXBuildFile; fileRef = 4646E0E629B4E8C200A22041 /* WelcomeView.swift */; };
		4646E0EA29B4F01D00A22041 /* AuthTextField.swift in Sources */ = {isa = PBXBuildFile; fileRef = 4646E0E929B4F01D00A22041 /* AuthTextField.swift */; };
		4646E0ED29B4F0E400A22041 /* InsecureTextField.swift in Sources */ = {isa = PBXBuildFile; fileRef = 4646E0EC29B4F0E400A22041 /* InsecureTextField.swift */; };
		4646E0EF29B4F32200A22041 /* SecureTextField.swift in Sources */ = {isa = PBXBuildFile; fileRef = 4646E0EE29B4F32200A22041 /* SecureTextField.swift */; };
		4646E0F229B4F77B00A22041 /* SpecialLoginTypes.swift in Sources */ = {isa = PBXBuildFile; fileRef = 4646E0F129B4F77B00A22041 /* SpecialLoginTypes.swift */; };
		4646E0F429B4F94E00A22041 /* SpecialLoginButton.swift in Sources */ = {isa = PBXBuildFile; fileRef = 4646E0F329B4F94E00A22041 /* SpecialLoginButton.swift */; };
		4646E0F929B5562A00A22041 /* TopicsViewController.swift in Sources */ = {isa = PBXBuildFile; fileRef = 4646E0F829B5562A00A22041 /* TopicsViewController.swift */; };
		4646E0FD29B5564900A22041 /* TopicsView.swift in Sources */ = {isa = PBXBuildFile; fileRef = 4646E0FC29B5564900A22041 /* TopicsView.swift */; };
		4646E10029B5851300A22041 /* TopicsViewModel.swift in Sources */ = {isa = PBXBuildFile; fileRef = 4646E0FF29B5851300A22041 /* TopicsViewModel.swift */; };
		4646E10629B588DA00A22041 /* TabViewController.swift in Sources */ = {isa = PBXBuildFile; fileRef = 4646E10529B588DA00A22041 /* TabViewController.swift */; };
		4646E11529B6BDCC00A22041 /* HomeViewController.swift in Sources */ = {isa = PBXBuildFile; fileRef = 4646E11429B6BDCC00A22041 /* HomeViewController.swift */; };
		4646E11729B6BDE400A22041 /* HomeView.swift in Sources */ = {isa = PBXBuildFile; fileRef = 4646E11629B6BDE400A22041 /* HomeView.swift */; };
		4646E11929B71C6100A22041 /* AppsViewController.swift in Sources */ = {isa = PBXBuildFile; fileRef = 4646E11829B71C6100A22041 /* AppsViewController.swift */; };
		4646E11B29B71C7F00A22041 /* AppsView.swift in Sources */ = {isa = PBXBuildFile; fileRef = 4646E11A29B71C7F00A22041 /* AppsView.swift */; };
		4646E11D29B71CF600A22041 /* BooksView.swift in Sources */ = {isa = PBXBuildFile; fileRef = 4646E11C29B71CF600A22041 /* BooksView.swift */; };
		4646E11F29B71D0500A22041 /* BooksViewController.swift in Sources */ = {isa = PBXBuildFile; fileRef = 4646E11E29B71D0500A22041 /* BooksViewController.swift */; };
		4646E12129B71DAE00A22041 /* ProfileView.swift in Sources */ = {isa = PBXBuildFile; fileRef = 4646E12029B71DAE00A22041 /* ProfileView.swift */; };
		4646E12329B71DBA00A22041 /* ProfileViewController.swift in Sources */ = {isa = PBXBuildFile; fileRef = 4646E12229B71DBA00A22041 /* ProfileViewController.swift */; };
		4652B03029A4422F00C9F94B /* BaseErrorModel.swift in Sources */ = {isa = PBXBuildFile; fileRef = 4652B02F29A4422F00C9F94B /* BaseErrorModel.swift */; };
		4657603F29B16A5200BA8AC8 /* Core in Frameworks */ = {isa = PBXBuildFile; productRef = 4657603E29B16A5200BA8AC8 /* Core */; };
		4657604229B16A6100BA8AC8 /* DesignKit in Frameworks */ = {isa = PBXBuildFile; productRef = 4657604129B16A6100BA8AC8 /* DesignKit */; };
		4657604529B16A6F00BA8AC8 /* NetworkManagerPackage in Frameworks */ = {isa = PBXBuildFile; productRef = 4657604429B16A6F00BA8AC8 /* NetworkManagerPackage */; };
		467BFF5B29BA3D0100E039B0 /* UISearchBar+Extensions.swift in Sources */ = {isa = PBXBuildFile; fileRef = 467BFF5A29BA3D0100E039B0 /* UISearchBar+Extensions.swift */; };
		467BFF5D29BA499700E039B0 /* ChipButton.swift in Sources */ = {isa = PBXBuildFile; fileRef = 467BFF5C29BA499700E039B0 /* ChipButton.swift */; };
		467BFF6129BA4E4F00E039B0 /* RecommandedCard.swift in Sources */ = {isa = PBXBuildFile; fileRef = 467BFF6029BA4E4F00E039B0 /* RecommandedCard.swift */; };
		467BFF6329BA54E200E039B0 /* View+Extensions.swift in Sources */ = {isa = PBXBuildFile; fileRef = 467BFF6229BA54E200E039B0 /* View+Extensions.swift */; };
		467BFF6729BA605100E039B0 /* BookMarkTile.swift in Sources */ = {isa = PBXBuildFile; fileRef = 467BFF6629BA605100E039B0 /* BookMarkTile.swift */; };
		467BFF6B29BA66D500E039B0 /* CustomSearchBar.swift in Sources */ = {isa = PBXBuildFile; fileRef = 467BFF6A29BA66D500E039B0 /* CustomSearchBar.swift */; };
		467BFF6F29BB550D00E039B0 /* SearchTextField.swift in Sources */ = {isa = PBXBuildFile; fileRef = 467BFF6E29BB550D00E039B0 /* SearchTextField.swift */; };
		467BFF7229BB646500E039B0 /* PageTitle.swift in Sources */ = {isa = PBXBuildFile; fileRef = 467BFF7129BB646500E039B0 /* PageTitle.swift */; };
		467BFF7829BB660300E039B0 /* ChipSlider.swift in Sources */ = {isa = PBXBuildFile; fileRef = 467BFF7729BB660300E039B0 /* ChipSlider.swift */; };
		467BFF7A29BB689700E039B0 /* TopicTile.swift in Sources */ = {isa = PBXBuildFile; fileRef = 467BFF7929BB689700E039B0 /* TopicTile.swift */; };
		467BFF7D29BB696E00E039B0 /* TopicGrid.swift in Sources */ = {isa = PBXBuildFile; fileRef = 467BFF7C29BB696E00E039B0 /* TopicGrid.swift */; };
		469AA80F29AA6014005BB4FD /* Fonts.swift in Sources */ = {isa = PBXBuildFile; fileRef = 469AA80E29AA6014005BB4FD /* Fonts.swift */; };
		469AA81229AA6358005BB4FD /* ProductInitialize.swift in Sources */ = {isa = PBXBuildFile; fileRef = 469AA81129AA6358005BB4FD /* ProductInitialize.swift */; };
		469AA81429AA64E6005BB4FD /* Colors.swift in Sources */ = {isa = PBXBuildFile; fileRef = 469AA81329AA64E6005BB4FD /* Colors.swift */; };
		469AA81629AA64EE005BB4FD /* Sizes.swift in Sources */ = {isa = PBXBuildFile; fileRef = 469AA81529AA64EE005BB4FD /* Sizes.swift */; };
		46B1F24E29B2F2B100537AF4 /* SplashViewController.swift in Sources */ = {isa = PBXBuildFile; fileRef = 46B1F24D29B2F2B100537AF4 /* SplashViewController.swift */; };
		46B1F25029B2F2C800537AF4 /* SplashView.swift in Sources */ = {isa = PBXBuildFile; fileRef = 46B1F24F29B2F2C800537AF4 /* SplashView.swift */; };
		46B1F25229B2F7FA00537AF4 /* Icons.swift in Sources */ = {isa = PBXBuildFile; fileRef = 46B1F25129B2F7FA00537AF4 /* Icons.swift */; };
		46B1F25729B2F89E00537AF4 /* AppConstants.swift in Sources */ = {isa = PBXBuildFile; fileRef = 46B1F25629B2F89E00537AF4 /* AppConstants.swift */; };
		46B1F25A29B2F92100537AF4 /* SplashViewModel.swift in Sources */ = {isa = PBXBuildFile; fileRef = 46B1F25929B2F92100537AF4 /* SplashViewModel.swift */; };
		46B1F26029B345CA00537AF4 /* OnboardingViewController.swift in Sources */ = {isa = PBXBuildFile; fileRef = 46B1F25F29B345CA00537AF4 /* OnboardingViewController.swift */; };
		46B1F26229B345EE00537AF4 /* OnboardingView.swift in Sources */ = {isa = PBXBuildFile; fileRef = 46B1F26129B345EE00537AF4 /* OnboardingView.swift */; };
		46D960EE29A2C64B008F54E6 /* AppDelegate.swift in Sources */ = {isa = PBXBuildFile; fileRef = 46D960ED29A2C64B008F54E6 /* AppDelegate.swift */; };
		46D960F029A2C64B008F54E6 /* SceneDelegate.swift in Sources */ = {isa = PBXBuildFile; fileRef = 46D960EF29A2C64B008F54E6 /* SceneDelegate.swift */; };
		46D960F729A2C64C008F54E6 /* Assets.xcassets in Resources */ = {isa = PBXBuildFile; fileRef = 46D960F629A2C64C008F54E6 /* Assets.xcassets */; };
		46D9615629A2F37C008F54E6 /* README.md in Resources */ = {isa = PBXBuildFile; fileRef = 46D9615529A2F37B008F54E6 /* README.md */; };
		46D9615C29A2F41E008F54E6 /* ProductNetworkManager.swift in Sources */ = {isa = PBXBuildFile; fileRef = 46D9615B29A2F41E008F54E6 /* ProductNetworkManager.swift */; };
/* End PBXBuildFile section */

/* Begin PBXFileReference section */
		461F8E4A29BE073F00F4905F /* NewsDetailView.swift */ = {isa = PBXFileReference; lastKnownFileType = sourcecode.swift; path = NewsDetailView.swift; sourceTree = "<group>"; };
		461F8E4C29BF1EF300F4905F /* OptionsTile.swift */ = {isa = PBXFileReference; lastKnownFileType = sourcecode.swift; path = OptionsTile.swift; sourceTree = "<group>"; };
		4646E0D629B4ADD600A22041 /* Icons.xcassets */ = {isa = PBXFileReference; lastKnownFileType = folder.assetcatalog; path = Icons.xcassets; sourceTree = "<group>"; };
		4646E0DA29B4BB4F00A22041 /* ActiveButton.swift */ = {isa = PBXFileReference; lastKnownFileType = sourcecode.swift; path = ActiveButton.swift; sourceTree = "<group>"; };
		4646E0DC29B4C55100A22041 /* ButtonSizes.swift */ = {isa = PBXFileReference; lastKnownFileType = sourcecode.swift; path = ButtonSizes.swift; sourceTree = "<group>"; };
		4646E0DE29B4C83400A22041 /* OnboardingViewModel.swift */ = {isa = PBXFileReference; lastKnownFileType = sourcecode.swift; path = OnboardingViewModel.swift; sourceTree = "<group>"; };
		4646E0E429B4E8AA00A22041 /* WelcomeViewController.swift */ = {isa = PBXFileReference; lastKnownFileType = sourcecode.swift; path = WelcomeViewController.swift; sourceTree = "<group>"; };
		4646E0E629B4E8C200A22041 /* WelcomeView.swift */ = {isa = PBXFileReference; lastKnownFileType = sourcecode.swift; path = WelcomeView.swift; sourceTree = "<group>"; };
		4646E0E929B4F01D00A22041 /* AuthTextField.swift */ = {isa = PBXFileReference; lastKnownFileType = sourcecode.swift; path = AuthTextField.swift; sourceTree = "<group>"; };
		4646E0EC29B4F0E400A22041 /* InsecureTextField.swift */ = {isa = PBXFileReference; lastKnownFileType = sourcecode.swift; path = InsecureTextField.swift; sourceTree = "<group>"; };
		4646E0EE29B4F32200A22041 /* SecureTextField.swift */ = {isa = PBXFileReference; lastKnownFileType = sourcecode.swift; path = SecureTextField.swift; sourceTree = "<group>"; };
		4646E0F129B4F77B00A22041 /* SpecialLoginTypes.swift */ = {isa = PBXFileReference; lastKnownFileType = sourcecode.swift; path = SpecialLoginTypes.swift; sourceTree = "<group>"; };
		4646E0F329B4F94E00A22041 /* SpecialLoginButton.swift */ = {isa = PBXFileReference; lastKnownFileType = sourcecode.swift; path = SpecialLoginButton.swift; sourceTree = "<group>"; };
		4646E0F829B5562A00A22041 /* TopicsViewController.swift */ = {isa = PBXFileReference; lastKnownFileType = sourcecode.swift; path = TopicsViewController.swift; sourceTree = "<group>"; };
		4646E0FC29B5564900A22041 /* TopicsView.swift */ = {isa = PBXFileReference; lastKnownFileType = sourcecode.swift; path = TopicsView.swift; sourceTree = "<group>"; };
		4646E0FF29B5851300A22041 /* TopicsViewModel.swift */ = {isa = PBXFileReference; lastKnownFileType = sourcecode.swift; path = TopicsViewModel.swift; sourceTree = "<group>"; };
		4646E10529B588DA00A22041 /* TabViewController.swift */ = {isa = PBXFileReference; lastKnownFileType = sourcecode.swift; path = TabViewController.swift; sourceTree = "<group>"; };
		4646E11429B6BDCC00A22041 /* HomeViewController.swift */ = {isa = PBXFileReference; lastKnownFileType = sourcecode.swift; path = HomeViewController.swift; sourceTree = "<group>"; };
		4646E11629B6BDE400A22041 /* HomeView.swift */ = {isa = PBXFileReference; lastKnownFileType = sourcecode.swift; path = HomeView.swift; sourceTree = "<group>"; };
		4646E11829B71C6100A22041 /* AppsViewController.swift */ = {isa = PBXFileReference; lastKnownFileType = sourcecode.swift; path = AppsViewController.swift; sourceTree = "<group>"; };
		4646E11A29B71C7F00A22041 /* AppsView.swift */ = {isa = PBXFileReference; lastKnownFileType = sourcecode.swift; path = AppsView.swift; sourceTree = "<group>"; };
		4646E11C29B71CF600A22041 /* BooksView.swift */ = {isa = PBXFileReference; lastKnownFileType = sourcecode.swift; path = BooksView.swift; sourceTree = "<group>"; };
		4646E11E29B71D0500A22041 /* BooksViewController.swift */ = {isa = PBXFileReference; lastKnownFileType = sourcecode.swift; path = BooksViewController.swift; sourceTree = "<group>"; };
		4646E12029B71DAE00A22041 /* ProfileView.swift */ = {isa = PBXFileReference; lastKnownFileType = sourcecode.swift; path = ProfileView.swift; sourceTree = "<group>"; };
		4646E12229B71DBA00A22041 /* ProfileViewController.swift */ = {isa = PBXFileReference; lastKnownFileType = sourcecode.swift; path = ProfileViewController.swift; sourceTree = "<group>"; };
		4652B02F29A4422F00C9F94B /* BaseErrorModel.swift */ = {isa = PBXFileReference; lastKnownFileType = sourcecode.swift; path = BaseErrorModel.swift; sourceTree = "<group>"; };
		467BFF5A29BA3D0100E039B0 /* UISearchBar+Extensions.swift */ = {isa = PBXFileReference; lastKnownFileType = sourcecode.swift; path = "UISearchBar+Extensions.swift"; sourceTree = "<group>"; };
		467BFF5C29BA499700E039B0 /* ChipButton.swift */ = {isa = PBXFileReference; lastKnownFileType = sourcecode.swift; path = ChipButton.swift; sourceTree = "<group>"; };
		467BFF6029BA4E4F00E039B0 /* RecommandedCard.swift */ = {isa = PBXFileReference; lastKnownFileType = sourcecode.swift; path = RecommandedCard.swift; sourceTree = "<group>"; };
		467BFF6229BA54E200E039B0 /* View+Extensions.swift */ = {isa = PBXFileReference; lastKnownFileType = sourcecode.swift; path = "View+Extensions.swift"; sourceTree = "<group>"; };
		467BFF6629BA605100E039B0 /* BookMarkTile.swift */ = {isa = PBXFileReference; lastKnownFileType = sourcecode.swift; path = BookMarkTile.swift; sourceTree = "<group>"; };
		467BFF6A29BA66D500E039B0 /* CustomSearchBar.swift */ = {isa = PBXFileReference; lastKnownFileType = sourcecode.swift; path = CustomSearchBar.swift; sourceTree = "<group>"; };
		467BFF6E29BB550D00E039B0 /* SearchTextField.swift */ = {isa = PBXFileReference; lastKnownFileType = sourcecode.swift; path = SearchTextField.swift; sourceTree = "<group>"; };
		467BFF7129BB646500E039B0 /* PageTitle.swift */ = {isa = PBXFileReference; lastKnownFileType = sourcecode.swift; path = PageTitle.swift; sourceTree = "<group>"; };
		467BFF7729BB660300E039B0 /* ChipSlider.swift */ = {isa = PBXFileReference; lastKnownFileType = sourcecode.swift; path = ChipSlider.swift; sourceTree = "<group>"; };
		467BFF7929BB689700E039B0 /* TopicTile.swift */ = {isa = PBXFileReference; lastKnownFileType = sourcecode.swift; path = TopicTile.swift; sourceTree = "<group>"; };
		467BFF7C29BB696E00E039B0 /* TopicGrid.swift */ = {isa = PBXFileReference; lastKnownFileType = sourcecode.swift; path = TopicGrid.swift; sourceTree = "<group>"; };
		469AA80E29AA6014005BB4FD /* Fonts.swift */ = {isa = PBXFileReference; lastKnownFileType = sourcecode.swift; path = Fonts.swift; sourceTree = "<group>"; };
		469AA81129AA6358005BB4FD /* ProductInitialize.swift */ = {isa = PBXFileReference; lastKnownFileType = sourcecode.swift; path = ProductInitialize.swift; sourceTree = "<group>"; };
		469AA81329AA64E6005BB4FD /* Colors.swift */ = {isa = PBXFileReference; lastKnownFileType = sourcecode.swift; path = Colors.swift; sourceTree = "<group>"; };
		469AA81529AA64EE005BB4FD /* Sizes.swift */ = {isa = PBXFileReference; lastKnownFileType = sourcecode.swift; path = Sizes.swift; sourceTree = "<group>"; };
		46B1F24729B2F15300537AF4 /* Nuntium.app */ = {isa = PBXFileReference; explicitFileType = wrapper.application; includeInIndex = 0; path = Nuntium.app; sourceTree = BUILT_PRODUCTS_DIR; };
		46B1F24D29B2F2B100537AF4 /* SplashViewController.swift */ = {isa = PBXFileReference; lastKnownFileType = sourcecode.swift; path = SplashViewController.swift; sourceTree = "<group>"; };
		46B1F24F29B2F2C800537AF4 /* SplashView.swift */ = {isa = PBXFileReference; lastKnownFileType = sourcecode.swift; path = SplashView.swift; sourceTree = "<group>"; };
		46B1F25129B2F7FA00537AF4 /* Icons.swift */ = {isa = PBXFileReference; lastKnownFileType = sourcecode.swift; path = Icons.swift; sourceTree = "<group>"; };
		46B1F25629B2F89E00537AF4 /* AppConstants.swift */ = {isa = PBXFileReference; lastKnownFileType = sourcecode.swift; path = AppConstants.swift; sourceTree = "<group>"; };
		46B1F25929B2F92100537AF4 /* SplashViewModel.swift */ = {isa = PBXFileReference; lastKnownFileType = sourcecode.swift; path = SplashViewModel.swift; sourceTree = "<group>"; };
		46B1F25F29B345CA00537AF4 /* OnboardingViewController.swift */ = {isa = PBXFileReference; lastKnownFileType = sourcecode.swift; path = OnboardingViewController.swift; sourceTree = "<group>"; };
		46B1F26129B345EE00537AF4 /* OnboardingView.swift */ = {isa = PBXFileReference; lastKnownFileType = sourcecode.swift; path = OnboardingView.swift; sourceTree = "<group>"; };
		46D960ED29A2C64B008F54E6 /* AppDelegate.swift */ = {isa = PBXFileReference; lastKnownFileType = sourcecode.swift; path = AppDelegate.swift; sourceTree = "<group>"; };
		46D960EF29A2C64B008F54E6 /* SceneDelegate.swift */ = {isa = PBXFileReference; lastKnownFileType = sourcecode.swift; path = SceneDelegate.swift; sourceTree = "<group>"; };
		46D960F629A2C64C008F54E6 /* Assets.xcassets */ = {isa = PBXFileReference; lastKnownFileType = folder.assetcatalog; path = Assets.xcassets; sourceTree = "<group>"; };
		46D960FB29A2C64C008F54E6 /* Info.plist */ = {isa = PBXFileReference; lastKnownFileType = text.plist.xml; path = Info.plist; sourceTree = "<group>"; };
		46D9615529A2F37B008F54E6 /* README.md */ = {isa = PBXFileReference; fileEncoding = 4; lastKnownFileType = net.daringfireball.markdown; path = README.md; sourceTree = "<group>"; };
		46D9615B29A2F41E008F54E6 /* ProductNetworkManager.swift */ = {isa = PBXFileReference; lastKnownFileType = sourcecode.swift; path = ProductNetworkManager.swift; sourceTree = "<group>"; };
/* End PBXFileReference section */

/* Begin PBXFrameworksBuildPhase section */
		46D960E729A2C64B008F54E6 /* Frameworks */ = {
			isa = PBXFrameworksBuildPhase;
			buildActionMask = 2147483647;
			files = (
				4657603F29B16A5200BA8AC8 /* Core in Frameworks */,
				4657604229B16A6100BA8AC8 /* DesignKit in Frameworks */,
				4657604529B16A6F00BA8AC8 /* NetworkManagerPackage in Frameworks */,
			);
			runOnlyForDeploymentPostprocessing = 0;
		};
/* End PBXFrameworksBuildPhase section */

/* Begin PBXGroup section */
		461F8E4829BE072E00F4905F /* NewsDetail */ = {
			isa = PBXGroup;
			children = (
				461F8E4929BE073200F4905F /* View */,
			);
			path = NewsDetail;
			sourceTree = "<group>";
		};
		461F8E4929BE073200F4905F /* View */ = {
			isa = PBXGroup;
			children = (
				461F8E4A29BE073F00F4905F /* NewsDetailView.swift */,
			);
			path = View;
			sourceTree = "<group>";
		};
		464305D429ABAC9400042318 /* Frameworks */ = {
			isa = PBXGroup;
			children = (
			);
			name = Frameworks;
			sourceTree = "<group>";
		};
		4646E0D829B4BB3C00A22041 /* SubViews */ = {
			isa = PBXGroup;
			children = (
				467BFF7329BB65E000E039B0 /* Custom */,
				467BFF7029BB645C00E039B0 /* Text */,
				467BFF6829BA66BD00E039B0 /* UIKit */,
				467BFF6429BA604000E039B0 /* Tiles */,
				467BFF5F29BA4DCF00E039B0 /* Cards */,
				4646E0EB29B4F0CF00A22041 /* TextField */,
				4646E0D929B4BB4300A22041 /* Button */,
			);
			path = SubViews;
			sourceTree = "<group>";
		};
		4646E0D929B4BB4300A22041 /* Button */ = {
			isa = PBXGroup;
			children = (
				4646E0DA29B4BB4F00A22041 /* ActiveButton.swift */,
				4646E0F329B4F94E00A22041 /* SpecialLoginButton.swift */,
				467BFF5C29BA499700E039B0 /* ChipButton.swift */,
			);
			path = Button;
			sourceTree = "<group>";
		};
		4646E0E029B4CCB500A22041 /* ViewModel */ = {
			isa = PBXGroup;
			children = (
				4646E0DE29B4C83400A22041 /* OnboardingViewModel.swift */,
			);
			path = ViewModel;
			sourceTree = "<group>";
		};
		4646E0E129B4E88B00A22041 /* Welcome */ = {
			isa = PBXGroup;
			children = (
				4646E0E329B4E89300A22041 /* View */,
				4646E0E229B4E88F00A22041 /* ViewController */,
			);
			path = Welcome;
			sourceTree = "<group>";
		};
		4646E0E229B4E88F00A22041 /* ViewController */ = {
			isa = PBXGroup;
			children = (
				4646E0E429B4E8AA00A22041 /* WelcomeViewController.swift */,
			);
			path = ViewController;
			sourceTree = "<group>";
		};
		4646E0E329B4E89300A22041 /* View */ = {
			isa = PBXGroup;
			children = (
				4646E0E629B4E8C200A22041 /* WelcomeView.swift */,
			);
			path = View;
			sourceTree = "<group>";
		};
		4646E0E829B4F01100A22041 /* Protocol */ = {
			isa = PBXGroup;
			children = (
				4646E0E929B4F01D00A22041 /* AuthTextField.swift */,
			);
			path = Protocol;
			sourceTree = "<group>";
		};
		4646E0EB29B4F0CF00A22041 /* TextField */ = {
			isa = PBXGroup;
			children = (
				467BFF6E29BB550D00E039B0 /* SearchTextField.swift */,
				4646E0EC29B4F0E400A22041 /* InsecureTextField.swift */,
				4646E0EE29B4F32200A22041 /* SecureTextField.swift */,
			);
			path = TextField;
			sourceTree = "<group>";
		};
		4646E0F529B5561100A22041 /* SubViews */ = {
			isa = PBXGroup;
			children = (
				461F8E4829BE072E00F4905F /* NewsDetail */,
				4646E0F629B5561800A22041 /* Topics */,
			);
			path = SubViews;
			sourceTree = "<group>";
		};
		4646E0F629B5561800A22041 /* Topics */ = {
			isa = PBXGroup;
			children = (
				4646E0FE29B5850300A22041 /* ViewModel */,
				4646E0FA29B5563600A22041 /* View */,
				4646E0F729B5561D00A22041 /* ViewController */,
			);
			path = Topics;
			sourceTree = "<group>";
		};
		4646E0F729B5561D00A22041 /* ViewController */ = {
			isa = PBXGroup;
			children = (
				4646E0F829B5562A00A22041 /* TopicsViewController.swift */,
			);
			path = ViewController;
			sourceTree = "<group>";
		};
		4646E0FA29B5563600A22041 /* View */ = {
			isa = PBXGroup;
			children = (
				4646E0FC29B5564900A22041 /* TopicsView.swift */,
			);
			path = View;
			sourceTree = "<group>";
		};
		4646E0FE29B5850300A22041 /* ViewModel */ = {
			isa = PBXGroup;
			children = (
				4646E0FF29B5851300A22041 /* TopicsViewModel.swift */,
			);
			path = ViewModel;
			sourceTree = "<group>";
		};
		4646E10129B588C600A22041 /* Main */ = {
			isa = PBXGroup;
			children = (
				4646E10A29B6BD7500A22041 /* Profile */,
				4646E10929B6BD7100A22041 /* Bookmarks */,
				4646E10829B6BD6C00A22041 /* Apps */,
				4646E10729B6BD6800A22041 /* Home */,
				4646E10229B588C900A22041 /* Tab */,
			);
			path = Main;
			sourceTree = "<group>";
		};
		4646E10229B588C900A22041 /* Tab */ = {
			isa = PBXGroup;
			children = (
				4646E10429B588D300A22041 /* View */,
				4646E10329B588D000A22041 /* ViewController */,
			);
			path = Tab;
			sourceTree = "<group>";
		};
		4646E10329B588D000A22041 /* ViewController */ = {
			isa = PBXGroup;
			children = (
				4646E10529B588DA00A22041 /* TabViewController.swift */,
			);
			path = ViewController;
			sourceTree = "<group>";
		};
		4646E10429B588D300A22041 /* View */ = {
			isa = PBXGroup;
			children = (
			);
			path = View;
			sourceTree = "<group>";
		};
		4646E10729B6BD6800A22041 /* Home */ = {
			isa = PBXGroup;
			children = (
				4646E10C29B6BD8000A22041 /* View */,
				4646E10B29B6BD7A00A22041 /* ViewController */,
			);
			path = Home;
			sourceTree = "<group>";
		};
		4646E10829B6BD6C00A22041 /* Apps */ = {
			isa = PBXGroup;
			children = (
				4646E10E29B6BD9E00A22041 /* ViewController */,
				4646E10D29B6BD9900A22041 /* View */,
			);
			path = Apps;
			sourceTree = "<group>";
		};
		4646E10929B6BD7100A22041 /* Bookmarks */ = {
			isa = PBXGroup;
			children = (
				4646E11029B6BDA400A22041 /* ViewController */,
				4646E10F29B6BDA200A22041 /* View */,
			);
			path = Bookmarks;
			sourceTree = "<group>";
		};
		4646E10A29B6BD7500A22041 /* Profile */ = {
			isa = PBXGroup;
			children = (
				4646E11229B6BDAB00A22041 /* ViewController */,
				4646E11129B6BDA900A22041 /* View */,
			);
			path = Profile;
			sourceTree = "<group>";
		};
		4646E10B29B6BD7A00A22041 /* ViewController */ = {
			isa = PBXGroup;
			children = (
				4646E11429B6BDCC00A22041 /* HomeViewController.swift */,
			);
			path = ViewController;
			sourceTree = "<group>";
		};
		4646E10C29B6BD8000A22041 /* View */ = {
			isa = PBXGroup;
			children = (
				4646E11629B6BDE400A22041 /* HomeView.swift */,
			);
			path = View;
			sourceTree = "<group>";
		};
		4646E10D29B6BD9900A22041 /* View */ = {
			isa = PBXGroup;
			children = (
				4646E11A29B71C7F00A22041 /* AppsView.swift */,
			);
			path = View;
			sourceTree = "<group>";
		};
		4646E10E29B6BD9E00A22041 /* ViewController */ = {
			isa = PBXGroup;
			children = (
				4646E11829B71C6100A22041 /* AppsViewController.swift */,
			);
			path = ViewController;
			sourceTree = "<group>";
		};
		4646E10F29B6BDA200A22041 /* View */ = {
			isa = PBXGroup;
			children = (
				4646E11C29B71CF600A22041 /* BooksView.swift */,
			);
			path = View;
			sourceTree = "<group>";
		};
		4646E11029B6BDA400A22041 /* ViewController */ = {
			isa = PBXGroup;
			children = (
				4646E11E29B71D0500A22041 /* BooksViewController.swift */,
			);
			path = ViewController;
			sourceTree = "<group>";
		};
		4646E11129B6BDA900A22041 /* View */ = {
			isa = PBXGroup;
			children = (
				4646E12029B71DAE00A22041 /* ProfileView.swift */,
			);
			path = View;
			sourceTree = "<group>";
		};
		4646E11229B6BDAB00A22041 /* ViewController */ = {
			isa = PBXGroup;
			children = (
				4646E12229B71DBA00A22041 /* ProfileViewController.swift */,
			);
			path = ViewController;
			sourceTree = "<group>";
		};
		4652B02C29A4421C00C9F94B /* Product */ = {
			isa = PBXGroup;
			children = (
				467BFF5929BA3CE700E039B0 /* Extensions */,
				4646E0D829B4BB3C00A22041 /* SubViews */,
				46B1F25429B2F89100537AF4 /* Utility */,
				469AA81029AA634C005BB4FD /* Init */,
				469AA80D29AA6007005BB4FD /* DesignKit */,
				46D9615729A2F3EB008F54E6 /* Networking */,
				4652B02D29A4422100C9F94B /* Model */,
			);
			path = Product;
			sourceTree = "<group>";
		};
		4652B02D29A4422100C9F94B /* Model */ = {
			isa = PBXGroup;
			children = (
				4646E0E829B4F01100A22041 /* Protocol */,
				4652B02E29A4422400C9F94B /* Base */,
			);
			path = Model;
			sourceTree = "<group>";
		};
		4652B02E29A4422400C9F94B /* Base */ = {
			isa = PBXGroup;
			children = (
				4652B02F29A4422F00C9F94B /* BaseErrorModel.swift */,
			);
			path = Base;
			sourceTree = "<group>";
		};
		467BFF5929BA3CE700E039B0 /* Extensions */ = {
			isa = PBXGroup;
			children = (
				467BFF5A29BA3D0100E039B0 /* UISearchBar+Extensions.swift */,
				467BFF6229BA54E200E039B0 /* View+Extensions.swift */,
			);
			path = Extensions;
			sourceTree = "<group>";
		};
		467BFF5F29BA4DCF00E039B0 /* Cards */ = {
			isa = PBXGroup;
			children = (
				467BFF6029BA4E4F00E039B0 /* RecommandedCard.swift */,
			);
			path = Cards;
			sourceTree = "<group>";
		};
		467BFF6429BA604000E039B0 /* Tiles */ = {
			isa = PBXGroup;
			children = (
				467BFF6629BA605100E039B0 /* BookMarkTile.swift */,
				467BFF7929BB689700E039B0 /* TopicTile.swift */,
				461F8E4C29BF1EF300F4905F /* OptionsTile.swift */,
			);
			path = Tiles;
			sourceTree = "<group>";
		};
		467BFF6829BA66BD00E039B0 /* UIKit */ = {
			isa = PBXGroup;
			children = (
				467BFF6C29BB54FE00E039B0 /* TextField */,
				467BFF6929BA66C900E039B0 /* SearchBar */,
			);
			path = UIKit;
			sourceTree = "<group>";
		};
		467BFF6929BA66C900E039B0 /* SearchBar */ = {
			isa = PBXGroup;
			children = (
				467BFF6A29BA66D500E039B0 /* CustomSearchBar.swift */,
			);
			path = SearchBar;
			sourceTree = "<group>";
		};
		467BFF6C29BB54FE00E039B0 /* TextField */ = {
			isa = PBXGroup;
			children = (
			);
			path = TextField;
			sourceTree = "<group>";
		};
		467BFF7029BB645C00E039B0 /* Text */ = {
			isa = PBXGroup;
			children = (
				467BFF7129BB646500E039B0 /* PageTitle.swift */,
			);
			path = Text;
			sourceTree = "<group>";
		};
		467BFF7329BB65E000E039B0 /* Custom */ = {
			isa = PBXGroup;
			children = (
				467BFF7429BB65E600E039B0 /* Scrollable */,
			);
			path = Custom;
			sourceTree = "<group>";
		};
		467BFF7429BB65E600E039B0 /* Scrollable */ = {
			isa = PBXGroup;
			children = (
				467BFF7B29BB696400E039B0 /* Grid */,
				467BFF7629BB65ED00E039B0 /* Slider */,
			);
			path = Scrollable;
			sourceTree = "<group>";
		};
		467BFF7629BB65ED00E039B0 /* Slider */ = {
			isa = PBXGroup;
			children = (
				467BFF7729BB660300E039B0 /* ChipSlider.swift */,
			);
			path = Slider;
			sourceTree = "<group>";
		};
		467BFF7B29BB696400E039B0 /* Grid */ = {
			isa = PBXGroup;
			children = (
				467BFF7C29BB696E00E039B0 /* TopicGrid.swift */,
			);
			path = Grid;
			sourceTree = "<group>";
		};
		469AA80D29AA6007005BB4FD /* DesignKit */ = {
			isa = PBXGroup;
			children = (
				469AA80E29AA6014005BB4FD /* Fonts.swift */,
				469AA81329AA64E6005BB4FD /* Colors.swift */,
				469AA81529AA64EE005BB4FD /* Sizes.swift */,
				46B1F25129B2F7FA00537AF4 /* Icons.swift */,
			);
			path = DesignKit;
			sourceTree = "<group>";
		};
		469AA81029AA634C005BB4FD /* Init */ = {
			isa = PBXGroup;
			children = (
				469AA81129AA6358005BB4FD /* ProductInitialize.swift */,
			);
			path = Init;
			sourceTree = "<group>";
		};
		46B1F24829B2F24800537AF4 /* Auth */ = {
			isa = PBXGroup;
			children = (
				4646E0E129B4E88B00A22041 /* Welcome */,
				46B1F25B29B345A100537AF4 /* Onboarding */,
				46B1F24929B2F25500537AF4 /* Splash */,
			);
			path = Auth;
			sourceTree = "<group>";
		};
		46B1F24929B2F25500537AF4 /* Splash */ = {
			isa = PBXGroup;
			children = (
				46B1F24C29B2F2A600537AF4 /* ViewController */,
				46B1F24B29B2F25F00537AF4 /* ViewModel */,
				46B1F24A29B2F25C00537AF4 /* View */,
			);
			path = Splash;
			sourceTree = "<group>";
		};
		46B1F24A29B2F25C00537AF4 /* View */ = {
			isa = PBXGroup;
			children = (
				46B1F24F29B2F2C800537AF4 /* SplashView.swift */,
			);
			path = View;
			sourceTree = "<group>";
		};
		46B1F24B29B2F25F00537AF4 /* ViewModel */ = {
			isa = PBXGroup;
			children = (
				46B1F25929B2F92100537AF4 /* SplashViewModel.swift */,
			);
			path = ViewModel;
			sourceTree = "<group>";
		};
		46B1F24C29B2F2A600537AF4 /* ViewController */ = {
			isa = PBXGroup;
			children = (
				46B1F24D29B2F2B100537AF4 /* SplashViewController.swift */,
			);
			path = ViewController;
			sourceTree = "<group>";
		};
		46B1F25329B2F88800537AF4 /* Constants */ = {
			isa = PBXGroup;
			children = (
				46B1F25629B2F89E00537AF4 /* AppConstants.swift */,
				4646E0DC29B4C55100A22041 /* ButtonSizes.swift */,
				4646E0F129B4F77B00A22041 /* SpecialLoginTypes.swift */,
			);
			path = Constants;
			sourceTree = "<group>";
		};
		46B1F25429B2F89100537AF4 /* Utility */ = {
			isa = PBXGroup;
			children = (
				46B1F25329B2F88800537AF4 /* Constants */,
			);
			path = Utility;
			sourceTree = "<group>";
		};
		46B1F25B29B345A100537AF4 /* Onboarding */ = {
			isa = PBXGroup;
			children = (
				4646E0E029B4CCB500A22041 /* ViewModel */,
				46B1F25D29B345B800537AF4 /* View */,
				46B1F25C29B345B500537AF4 /* ViewController */,
			);
			path = Onboarding;
			sourceTree = "<group>";
		};
		46B1F25C29B345B500537AF4 /* ViewController */ = {
			isa = PBXGroup;
			children = (
				46B1F25F29B345CA00537AF4 /* OnboardingViewController.swift */,
			);
			path = ViewController;
			sourceTree = "<group>";
		};
		46B1F25D29B345B800537AF4 /* View */ = {
			isa = PBXGroup;
			children = (
				46B1F26129B345EE00537AF4 /* OnboardingView.swift */,
			);
			path = View;
			sourceTree = "<group>";
		};
		46D960E129A2C64B008F54E6 = {
			isa = PBXGroup;
			children = (
				46D9615529A2F37B008F54E6 /* README.md */,
				46D960EC29A2C64B008F54E6 /* Nuntium */,
				464305D429ABAC9400042318 /* Frameworks */,
				46B1F24729B2F15300537AF4 /* Nuntium.app */,
			);
			sourceTree = "<group>";
		};
		46D960EC29A2C64B008F54E6 /* Nuntium */ = {
			isa = PBXGroup;
			children = (
				4652B02C29A4421C00C9F94B /* Product */,
				46D9613E29A2EE05008F54E6 /* Features */,
				46D9610129A2C964008F54E6 /* Resources */,
			);
			path = Nuntium;
			sourceTree = "<group>";
		};
		46D9610129A2C964008F54E6 /* Resources */ = {
			isa = PBXGroup;
			children = (
				46D960EF29A2C64B008F54E6 /* SceneDelegate.swift */,
				46D960ED29A2C64B008F54E6 /* AppDelegate.swift */,
				46D960F629A2C64C008F54E6 /* Assets.xcassets */,
				46D960FB29A2C64C008F54E6 /* Info.plist */,
				4646E0D629B4ADD600A22041 /* Icons.xcassets */,
			);
			name = Resources;
			sourceTree = "<group>";
		};
		46D9613E29A2EE05008F54E6 /* Features */ = {
			isa = PBXGroup;
			children = (
				4646E10129B588C600A22041 /* Main */,
				4646E0F529B5561100A22041 /* SubViews */,
				46B1F24829B2F24800537AF4 /* Auth */,
			);
			path = Features;
			sourceTree = "<group>";
		};
		46D9615729A2F3EB008F54E6 /* Networking */ = {
			isa = PBXGroup;
			children = (
				46D9615B29A2F41E008F54E6 /* ProductNetworkManager.swift */,
			);
			path = Networking;
			sourceTree = "<group>";
		};
/* End PBXGroup section */

/* Begin PBXNativeTarget section */
		46D960E929A2C64B008F54E6 /* Nuntium */ = {
			isa = PBXNativeTarget;
			buildConfigurationList = 46D960FE29A2C64C008F54E6 /* Build configuration list for PBXNativeTarget "Nuntium" */;
			buildPhases = (
				46D960E629A2C64B008F54E6 /* Sources */,
				46D960E729A2C64B008F54E6 /* Frameworks */,
				46D960E829A2C64B008F54E6 /* Resources */,
			);
			buildRules = (
			);
			dependencies = (
			);
			name = Nuntium;
			packageProductDependencies = (
				4657603E29B16A5200BA8AC8 /* Core */,
				4657604129B16A6100BA8AC8 /* DesignKit */,
				4657604429B16A6F00BA8AC8 /* NetworkManagerPackage */,
			);
			productName = "UIKit+SwiftUI+Architecture";
			productReference = 46B1F24729B2F15300537AF4 /* Nuntium.app */;
			productType = "com.apple.product-type.application";
		};
/* End PBXNativeTarget section */

/* Begin PBXProject section */
		46D960E229A2C64B008F54E6 /* Project object */ = {
			isa = PBXProject;
			attributes = {
				BuildIndependentTargetsInParallel = 1;
				LastSwiftUpdateCheck = 1410;
				LastUpgradeCheck = 1410;
				TargetAttributes = {
					46D960E929A2C64B008F54E6 = {
						CreatedOnToolsVersion = 14.1;
					};
				};
			};
			buildConfigurationList = 46D960E529A2C64B008F54E6 /* Build configuration list for PBXProject "Nuntium" */;
			compatibilityVersion = "Xcode 14.0";
			developmentRegion = en;
			hasScannedForEncodings = 0;
			knownRegions = (
				en,
				Base,
			);
			mainGroup = 46D960E129A2C64B008F54E6;
			packageReferences = (
				4657603D29B16A5200BA8AC8 /* XCRemoteSwiftPackageReference "Core" */,
				4657604029B16A6100BA8AC8 /* XCRemoteSwiftPackageReference "DesignKit" */,
				4657604329B16A6F00BA8AC8 /* XCRemoteSwiftPackageReference "NetworkManager" */,
			);
			productRefGroup = 46D960E129A2C64B008F54E6;
			projectDirPath = "";
			projectRoot = "";
			targets = (
				46D960E929A2C64B008F54E6 /* Nuntium */,
			);
		};
/* End PBXProject section */

/* Begin PBXResourcesBuildPhase section */
		46D960E829A2C64B008F54E6 /* Resources */ = {
			isa = PBXResourcesBuildPhase;
			buildActionMask = 2147483647;
			files = (
				46D9615629A2F37C008F54E6 /* README.md in Resources */,
				4646E0D729B4ADD600A22041 /* Icons.xcassets in Resources */,
				46D960F729A2C64C008F54E6 /* Assets.xcassets in Resources */,
			);
			runOnlyForDeploymentPostprocessing = 0;
		};
/* End PBXResourcesBuildPhase section */

/* Begin PBXSourcesBuildPhase section */
		46D960E629A2C64B008F54E6 /* Sources */ = {
			isa = PBXSourcesBuildPhase;
			buildActionMask = 2147483647;
			files = (
				46D9615C29A2F41E008F54E6 /* ProductNetworkManager.swift in Sources */,
				469AA81429AA64E6005BB4FD /* Colors.swift in Sources */,
				467BFF5D29BA499700E039B0 /* ChipButton.swift in Sources */,
				469AA80F29AA6014005BB4FD /* Fonts.swift in Sources */,
				467BFF7A29BB689700E039B0 /* TopicTile.swift in Sources */,
				46B1F26229B345EE00537AF4 /* OnboardingView.swift in Sources */,
				4646E11B29B71C7F00A22041 /* AppsView.swift in Sources */,
				46B1F24E29B2F2B100537AF4 /* SplashViewController.swift in Sources */,
				4646E11529B6BDCC00A22041 /* HomeViewController.swift in Sources */,
				467BFF5B29BA3D0100E039B0 /* UISearchBar+Extensions.swift in Sources */,
				467BFF6129BA4E4F00E039B0 /* RecommandedCard.swift in Sources */,
				467BFF6329BA54E200E039B0 /* View+Extensions.swift in Sources */,
				4646E11929B71C6100A22041 /* AppsViewController.swift in Sources */,
				4646E0DB29B4BB4F00A22041 /* ActiveButton.swift in Sources */,
				4646E0ED29B4F0E400A22041 /* InsecureTextField.swift in Sources */,
				469AA81629AA64EE005BB4FD /* Sizes.swift in Sources */,
				4646E0F929B5562A00A22041 /* TopicsViewController.swift in Sources */,
				467BFF7229BB646500E039B0 /* PageTitle.swift in Sources */,
				46B1F25229B2F7FA00537AF4 /* Icons.swift in Sources */,
				4646E0F229B4F77B00A22041 /* SpecialLoginTypes.swift in Sources */,
				469AA81229AA6358005BB4FD /* ProductInitialize.swift in Sources */,
				4646E0EA29B4F01D00A22041 /* AuthTextField.swift in Sources */,
				46B1F25729B2F89E00537AF4 /* AppConstants.swift in Sources */,
				467BFF6729BA605100E039B0 /* BookMarkTile.swift in Sources */,
				461F8E4D29BF1EF300F4905F /* OptionsTile.swift in Sources */,
				46B1F25A29B2F92100537AF4 /* SplashViewModel.swift in Sources */,
				467BFF6F29BB550D00E039B0 /* SearchTextField.swift in Sources */,
				4646E11729B6BDE400A22041 /* HomeView.swift in Sources */,
				4646E0FD29B5564900A22041 /* TopicsView.swift in Sources */,
				4646E11F29B71D0500A22041 /* BooksViewController.swift in Sources */,
				4646E0DD29B4C55100A22041 /* ButtonSizes.swift in Sources */,
				46D960EE29A2C64B008F54E6 /* AppDelegate.swift in Sources */,
				4646E10029B5851300A22041 /* TopicsViewModel.swift in Sources */,
				4646E0DF29B4C83400A22041 /* OnboardingViewModel.swift in Sources */,
				46B1F25029B2F2C800537AF4 /* SplashView.swift in Sources */,
				4646E0E729B4E8C200A22041 /* WelcomeView.swift in Sources */,
				46B1F26029B345CA00537AF4 /* OnboardingViewController.swift in Sources */,
				4646E12129B71DAE00A22041 /* ProfileView.swift in Sources */,
				46D960F029A2C64B008F54E6 /* SceneDelegate.swift in Sources */,
				467BFF6B29BA66D500E039B0 /* CustomSearchBar.swift in Sources */,
				467BFF7829BB660300E039B0 /* ChipSlider.swift in Sources */,
				4646E10629B588DA00A22041 /* TabViewController.swift in Sources */,
				4652B03029A4422F00C9F94B /* BaseErrorModel.swift in Sources */,
				4646E0F429B4F94E00A22041 /* SpecialLoginButton.swift in Sources */,
				4646E0E529B4E8AA00A22041 /* WelcomeViewController.swift in Sources */,
				4646E12329B71DBA00A22041 /* ProfileViewController.swift in Sources */,
				461F8E4B29BE073F00F4905F /* NewsDetailView.swift in Sources */,
				4646E0EF29B4F32200A22041 /* SecureTextField.swift in Sources */,
				4646E11D29B71CF600A22041 /* BooksView.swift in Sources */,
				467BFF7D29BB696E00E039B0 /* TopicGrid.swift in Sources */,
			);
			runOnlyForDeploymentPostprocessing = 0;
		};
/* End PBXSourcesBuildPhase section */

/* Begin XCBuildConfiguration section */
		46D960FC29A2C64C008F54E6 /* Debug */ = {
			isa = XCBuildConfiguration;
			buildSettings = {
				ALWAYS_SEARCH_USER_PATHS = NO;
				CLANG_ANALYZER_NONNULL = YES;
				CLANG_ANALYZER_NUMBER_OBJECT_CONVERSION = YES_AGGRESSIVE;
				CLANG_CXX_LANGUAGE_STANDARD = "gnu++20";
				CLANG_ENABLE_MODULES = YES;
				CLANG_ENABLE_OBJC_ARC = YES;
				CLANG_ENABLE_OBJC_WEAK = YES;
				CLANG_WARN_BLOCK_CAPTURE_AUTORELEASING = YES;
				CLANG_WARN_BOOL_CONVERSION = YES;
				CLANG_WARN_COMMA = YES;
				CLANG_WARN_CONSTANT_CONVERSION = YES;
				CLANG_WARN_DEPRECATED_OBJC_IMPLEMENTATIONS = YES;
				CLANG_WARN_DIRECT_OBJC_ISA_USAGE = YES_ERROR;
				CLANG_WARN_DOCUMENTATION_COMMENTS = YES;
				CLANG_WARN_EMPTY_BODY = YES;
				CLANG_WARN_ENUM_CONVERSION = YES;
				CLANG_WARN_INFINITE_RECURSION = YES;
				CLANG_WARN_INT_CONVERSION = YES;
				CLANG_WARN_NON_LITERAL_NULL_CONVERSION = YES;
				CLANG_WARN_OBJC_IMPLICIT_RETAIN_SELF = YES;
				CLANG_WARN_OBJC_LITERAL_CONVERSION = YES;
				CLANG_WARN_OBJC_ROOT_CLASS = YES_ERROR;
				CLANG_WARN_QUOTED_INCLUDE_IN_FRAMEWORK_HEADER = YES;
				CLANG_WARN_RANGE_LOOP_ANALYSIS = YES;
				CLANG_WARN_STRICT_PROTOTYPES = YES;
				CLANG_WARN_SUSPICIOUS_MOVE = YES;
				CLANG_WARN_UNGUARDED_AVAILABILITY = YES_AGGRESSIVE;
				CLANG_WARN_UNREACHABLE_CODE = YES;
				CLANG_WARN__DUPLICATE_METHOD_MATCH = YES;
				COPY_PHASE_STRIP = NO;
				DEBUG_INFORMATION_FORMAT = dwarf;
				ENABLE_STRICT_OBJC_MSGSEND = YES;
				ENABLE_TESTABILITY = YES;
				GCC_C_LANGUAGE_STANDARD = gnu11;
				GCC_DYNAMIC_NO_PIC = NO;
				GCC_NO_COMMON_BLOCKS = YES;
				GCC_OPTIMIZATION_LEVEL = 0;
				GCC_PREPROCESSOR_DEFINITIONS = (
					"DEBUG=1",
					"$(inherited)",
				);
				GCC_WARN_64_TO_32_BIT_CONVERSION = YES;
				GCC_WARN_ABOUT_RETURN_TYPE = YES_ERROR;
				GCC_WARN_UNDECLARED_SELECTOR = YES;
				GCC_WARN_UNINITIALIZED_AUTOS = YES_AGGRESSIVE;
				GCC_WARN_UNUSED_FUNCTION = YES;
				GCC_WARN_UNUSED_VARIABLE = YES;
				IPHONEOS_DEPLOYMENT_TARGET = 16.1;
				MTL_ENABLE_DEBUG_INFO = INCLUDE_SOURCE;
				MTL_FAST_MATH = YES;
				ONLY_ACTIVE_ARCH = YES;
				SDKROOT = iphoneos;
				SWIFT_ACTIVE_COMPILATION_CONDITIONS = DEBUG;
				SWIFT_OPTIMIZATION_LEVEL = "-Onone";
			};
			name = Debug;
		};
		46D960FD29A2C64C008F54E6 /* Release */ = {
			isa = XCBuildConfiguration;
			buildSettings = {
				ALWAYS_SEARCH_USER_PATHS = NO;
				CLANG_ANALYZER_NONNULL = YES;
				CLANG_ANALYZER_NUMBER_OBJECT_CONVERSION = YES_AGGRESSIVE;
				CLANG_CXX_LANGUAGE_STANDARD = "gnu++20";
				CLANG_ENABLE_MODULES = YES;
				CLANG_ENABLE_OBJC_ARC = YES;
				CLANG_ENABLE_OBJC_WEAK = YES;
				CLANG_WARN_BLOCK_CAPTURE_AUTORELEASING = YES;
				CLANG_WARN_BOOL_CONVERSION = YES;
				CLANG_WARN_COMMA = YES;
				CLANG_WARN_CONSTANT_CONVERSION = YES;
				CLANG_WARN_DEPRECATED_OBJC_IMPLEMENTATIONS = YES;
				CLANG_WARN_DIRECT_OBJC_ISA_USAGE = YES_ERROR;
				CLANG_WARN_DOCUMENTATION_COMMENTS = YES;
				CLANG_WARN_EMPTY_BODY = YES;
				CLANG_WARN_ENUM_CONVERSION = YES;
				CLANG_WARN_INFINITE_RECURSION = YES;
				CLANG_WARN_INT_CONVERSION = YES;
				CLANG_WARN_NON_LITERAL_NULL_CONVERSION = YES;
				CLANG_WARN_OBJC_IMPLICIT_RETAIN_SELF = YES;
				CLANG_WARN_OBJC_LITERAL_CONVERSION = YES;
				CLANG_WARN_OBJC_ROOT_CLASS = YES_ERROR;
				CLANG_WARN_QUOTED_INCLUDE_IN_FRAMEWORK_HEADER = YES;
				CLANG_WARN_RANGE_LOOP_ANALYSIS = YES;
				CLANG_WARN_STRICT_PROTOTYPES = YES;
				CLANG_WARN_SUSPICIOUS_MOVE = YES;
				CLANG_WARN_UNGUARDED_AVAILABILITY = YES_AGGRESSIVE;
				CLANG_WARN_UNREACHABLE_CODE = YES;
				CLANG_WARN__DUPLICATE_METHOD_MATCH = YES;
				COPY_PHASE_STRIP = NO;
				DEBUG_INFORMATION_FORMAT = "dwarf-with-dsym";
				ENABLE_NS_ASSERTIONS = NO;
				ENABLE_STRICT_OBJC_MSGSEND = YES;
				GCC_C_LANGUAGE_STANDARD = gnu11;
				GCC_NO_COMMON_BLOCKS = YES;
				GCC_WARN_64_TO_32_BIT_CONVERSION = YES;
				GCC_WARN_ABOUT_RETURN_TYPE = YES_ERROR;
				GCC_WARN_UNDECLARED_SELECTOR = YES;
				GCC_WARN_UNINITIALIZED_AUTOS = YES_AGGRESSIVE;
				GCC_WARN_UNUSED_FUNCTION = YES;
				GCC_WARN_UNUSED_VARIABLE = YES;
				IPHONEOS_DEPLOYMENT_TARGET = 16.1;
				MTL_ENABLE_DEBUG_INFO = NO;
				MTL_FAST_MATH = YES;
				SDKROOT = iphoneos;
				SWIFT_COMPILATION_MODE = wholemodule;
				SWIFT_OPTIMIZATION_LEVEL = "-O";
				VALIDATE_PRODUCT = YES;
			};
			name = Release;
		};
		46D960FF29A2C64C008F54E6 /* Debug */ = {
			isa = XCBuildConfiguration;
			buildSettings = {
				ASSETCATALOG_COMPILER_APPICON_NAME = AppIcon;
				ASSETCATALOG_COMPILER_GLOBAL_ACCENT_COLOR_NAME = AccentColor;
				CODE_SIGN_STYLE = Automatic;
				CURRENT_PROJECT_VERSION = 1;
				DEVELOPMENT_TEAM = A8RYH4FTQV;
				GENERATE_INFOPLIST_FILE = YES;
				INFOPLIST_FILE = Nuntium/Info.plist;
				INFOPLIST_KEY_UIApplicationSupportsIndirectInputEvents = YES;
				INFOPLIST_KEY_UILaunchStoryboardName = LaunchScreen;
				INFOPLIST_KEY_UIStatusBarStyle = "";
				INFOPLIST_KEY_UISupportedInterfaceOrientations = UIInterfaceOrientationPortrait;
				IPHONEOS_DEPLOYMENT_TARGET = 14.0;
				LD_RUNPATH_SEARCH_PATHS = (
					"$(inherited)",
					"@executable_path/Frameworks",
				);
				MARKETING_VERSION = 1.0;
				PRODUCT_BUNDLE_IDENTIFIER = "com.meatlanosrep.UIKit-SwiftUI-Architecture";
				PRODUCT_NAME = "$(TARGET_NAME)";
				SUPPORTED_PLATFORMS = "iphoneos iphonesimulator";
				SUPPORTS_MACCATALYST = NO;
				SUPPORTS_MAC_DESIGNED_FOR_IPHONE_IPAD = NO;
				SWIFT_EMIT_LOC_STRINGS = YES;
				SWIFT_VERSION = 5.0;
				TARGETED_DEVICE_FAMILY = 1;
			};
			name = Debug;
		};
		46D9610029A2C64C008F54E6 /* Release */ = {
			isa = XCBuildConfiguration;
			buildSettings = {
				ASSETCATALOG_COMPILER_APPICON_NAME = AppIcon;
				ASSETCATALOG_COMPILER_GLOBAL_ACCENT_COLOR_NAME = AccentColor;
				CODE_SIGN_STYLE = Automatic;
				CURRENT_PROJECT_VERSION = 1;
				DEVELOPMENT_TEAM = A8RYH4FTQV;
				GENERATE_INFOPLIST_FILE = YES;
				INFOPLIST_FILE = Nuntium/Info.plist;
				INFOPLIST_KEY_UIApplicationSupportsIndirectInputEvents = YES;
				INFOPLIST_KEY_UILaunchStoryboardName = LaunchScreen;
				INFOPLIST_KEY_UIStatusBarStyle = "";
				INFOPLIST_KEY_UISupportedInterfaceOrientations = UIInterfaceOrientationPortrait;
				IPHONEOS_DEPLOYMENT_TARGET = 14.0;
				LD_RUNPATH_SEARCH_PATHS = (
					"$(inherited)",
					"@executable_path/Frameworks",
				);
				MARKETING_VERSION = 1.0;
				PRODUCT_BUNDLE_IDENTIFIER = "com.meatlanosrep.UIKit-SwiftUI-Architecture";
				PRODUCT_NAME = "$(TARGET_NAME)";
				SUPPORTED_PLATFORMS = "iphoneos iphonesimulator";
				SUPPORTS_MACCATALYST = NO;
				SUPPORTS_MAC_DESIGNED_FOR_IPHONE_IPAD = NO;
				SWIFT_EMIT_LOC_STRINGS = YES;
				SWIFT_VERSION = 5.0;
				TARGETED_DEVICE_FAMILY = 1;
			};
			name = Release;
		};
/* End XCBuildConfiguration section */

/* Begin XCConfigurationList section */
		46D960E529A2C64B008F54E6 /* Build configuration list for PBXProject "Nuntium" */ = {
			isa = XCConfigurationList;
			buildConfigurations = (
				46D960FC29A2C64C008F54E6 /* Debug */,
				46D960FD29A2C64C008F54E6 /* Release */,
			);
			defaultConfigurationIsVisible = 0;
			defaultConfigurationName = Release;
		};
		46D960FE29A2C64C008F54E6 /* Build configuration list for PBXNativeTarget "Nuntium" */ = {
			isa = XCConfigurationList;
			buildConfigurations = (
				46D960FF29A2C64C008F54E6 /* Debug */,
				46D9610029A2C64C008F54E6 /* Release */,
			);
			defaultConfigurationIsVisible = 0;
			defaultConfigurationName = Release;
		};
/* End XCConfigurationList section */

/* Begin XCRemoteSwiftPackageReference section */
		4657603D29B16A5200BA8AC8 /* XCRemoteSwiftPackageReference "Core" */ = {
			isa = XCRemoteSwiftPackageReference;
			repositoryURL = "https://github.com/MehmetKaranlik/Core.git";
			requirement = {
				branch = main;
				kind = branch;
			};
		};
		4657604029B16A6100BA8AC8 /* XCRemoteSwiftPackageReference "DesignKit" */ = {
			isa = XCRemoteSwiftPackageReference;
			repositoryURL = "https://github.com/MehmetKaranlik/DesignKit.git";
			requirement = {
				branch = main;
				kind = branch;
			};
		};
		4657604329B16A6F00BA8AC8 /* XCRemoteSwiftPackageReference "NetworkManager" */ = {
			isa = XCRemoteSwiftPackageReference;
			repositoryURL = "https://github.com/MehmetKaranlik/NetworkManager";
			requirement = {
				branch = main;
				kind = branch;
			};
		};
/* End XCRemoteSwiftPackageReference section */

/* Begin XCSwiftPackageProductDependency section */
		4657603E29B16A5200BA8AC8 /* Core */ = {
			isa = XCSwiftPackageProductDependency;
			package = 4657603D29B16A5200BA8AC8 /* XCRemoteSwiftPackageReference "Core" */;
			productName = Core;
		};
		4657604129B16A6100BA8AC8 /* DesignKit */ = {
			isa = XCSwiftPackageProductDependency;
			package = 4657604029B16A6100BA8AC8 /* XCRemoteSwiftPackageReference "DesignKit" */;
			productName = DesignKit;
		};
		4657604429B16A6F00BA8AC8 /* NetworkManagerPackage */ = {
			isa = XCSwiftPackageProductDependency;
			package = 4657604329B16A6F00BA8AC8 /* XCRemoteSwiftPackageReference "NetworkManager" */;
			productName = NetworkManagerPackage;
		};
/* End XCSwiftPackageProductDependency section */
	};
	rootObject = 46D960E229A2C64B008F54E6 /* Project object */;
}
