{
  "pins" : [
    {
      "identity" : "core",
      "kind" : "remoteSourceControl",
      "location" : "https://github.com/MehmetKaranlik/Core.git",
      "state" : {
        "branch" : "main",
        "revision" : "3e9b037f5a5d410c6cd69e4941633d285e1cb4cf"
      }
    },
    {
      "identity" : "designkit",
      "kind" : "remoteSourceControl",
      "location" : "https://github.com/MehmetKaranlik/DesignKit.git",
      "state" : {
        "branch" : "main",
        "revision" : "24b16a8a489cc92d69f3ab8a97ba9651900a9bea"
      }
    },
    {
      "identity" : "networkmanager",
      "kind" : "remoteSourceControl",
      "location" : "https://github.com/MehmetKaranlik/NetworkManager",
      "state" : {
        "branch" : "main",
        "revision" : "cd5716d1cda96761c16996397fcf5be97e70d6ab"
      }
    },
    {
      "identity" : "realm-core",
      "kind" : "remoteSourceControl",
      "location" : "https://github.com/realm/realm-core.git",
      "state" : {
        "revision" : "a7d486d07b821e28ffd3587e99355a63148cbb43",
        "version" : "13.4.1"
      }
    },
    {
      "identity" : "realm-swift",
      "kind" : "remoteSourceControl",
      "location" : "https://github.com/realm/realm-swift.git",
      "state" : {
        "revision" : "4d55ba88e78ed427eae439e7c15fac2372f95c64",
        "version" : "10.36.0"
      }
    }
  ],
  "version" : 2
}
